
Microsoft Visual Studio Solution File, Format Version 12.00
# Visual Studio Version 17
VisualStudioVersion = 17.9.34728.123
MinimumVisualStudioVersion = 10.0.40219.1
Project("{FAE04EC0-301F-11D3-BF4B-00C04F79EFBC}") = "pjtSPEF", "pjtSPEF\pjtSPEF.csproj", "{506B697F-E0FF-406E-93FB-6E4501480899}"
EndProject
Global
	GlobalSection(SolutionConfigurationPlatforms) = preSolution
		Debug|Any CPU = Debug|Any CPU
		Release|Any CPU = Release|Any CPU
	EndGlobalSection
	GlobalSection(ProjectConfigurationPlatforms) = postSolution
		{506B697F-E0FF-406E-93FB-6E4501480899}.Debug|Any CPU.ActiveCfg = Debug|Any CPU
		{506B697F-E0FF-406E-93FB-6E4501480899}.Debug|Any CPU.Build.0 = Debug|Any CPU
		{506B697F-E0FF-406E-93FB-6E4501480899}.Release|Any CPU.ActiveCfg = Release|Any CPU
		{506B697F-E0FF-406E-93FB-6E4501480899}.Release|Any CPU.Build.0 = Release|Any CPU
	EndGlobalSection
	GlobalSection(SolutionProperties) = preSolution
		HideSolutionNode = FALSE
	EndGlobalSection
	GlobalSection(ExtensibilityGlobals) = postSolution
		SolutionGuid = {7AD667EE-83C8-4359-9374-2B5B6A3FC0C2}
	EndGlobalSection
EndGlobal
